{
  "nodes": {
    "disko": {
      "inputs": {
        "nixpkgs": [
          "nixpkgs"
        ]
      },
      "locked": {
        "lastModified": 1737038063,
        "narHash": "sha256-rMEuiK69MDhjz1JgbaeQ9mBDXMJ2/P8vmOYRbFndXsk=",
        "owner": "nix-community",
        "repo": "disko",
        "rev": "bf0abfde48f469c256f2b0f481c6281ff04a5db2",
        "type": "github"
      },
      "original": {
        "owner": "nix-community",
        "repo": "disko",
        "type": "github"
      }
    },
    "flake-parts": {
      "inputs": {
        "nixpkgs-lib": "nixpkgs-lib"
      },
      "locked": {
        "lastModified": 1736143030,
        "narHash": "sha256-+hu54pAoLDEZT9pjHlqL9DNzWz0NbUn8NEAHP7PQPzU=",
        "owner": "hercules-ci",
        "repo": "flake-parts",
        "rev": "b905f6fc23a9051a6e1b741e1438dbfc0634c6de",
        "type": "github"
      },
      "original": {
        "owner": "hercules-ci",
        "repo": "flake-parts",
        "type": "github"
      }
    },
    "flake-parts_2": {
      "inputs": {
        "nixpkgs-lib": "nixpkgs-lib_2"
      },
      "locked": {
        "lastModified": 1736143030,
        "narHash": "sha256-+hu54pAoLDEZT9pjHlqL9DNzWz0NbUn8NEAHP7PQPzU=",
        "owner": "hercules-ci",
        "repo": "flake-parts",
        "rev": "b905f6fc23a9051a6e1b741e1438dbfc0634c6de",
        "type": "github"
      },
      "original": {
        "owner": "hercules-ci",
        "repo": "flake-parts",
        "type": "github"
      }
    },
    "nix-darwin": {
      "inputs": {
        "nixpkgs": [
          "nixpkgs"
        ]
      },
      "locked": {
        "lastModified": 1737504076,
        "narHash": "sha256-/B4XJnzYU/6K1ZZOBIgsa3K4pqDJrnC2579c44c+4rI=",
        "owner": "LnL7",
        "repo": "nix-darwin",
        "rev": "65cc1fa8e36ceff067daf6cfb142331f02f524d3",
        "type": "github"
      },
      "original": {
        "owner": "LnL7",
        "repo": "nix-darwin",
        "type": "github"
      }
    },
    "nixpkgs": {
      "locked": {
        "lastModified": 1737717945,
        "narHash": "sha256-ET91TMkab3PmOZnqiJQYOtSGvSTvGeHoegAv4zcTefM=",
        "owner": "NixOS",
        "repo": "nixpkgs",
        "rev": "ecd26a469ac56357fd333946a99086e992452b6a",
        "type": "github"
      },
      "original": {
        "owner": "NixOS",
        "ref": "nixpkgs-unstable",
        "repo": "nixpkgs",
        "type": "github"
      }
    },
    "nixpkgs-lib": {
      "locked": {
        "lastModified": 1735774519,
        "narHash": "sha256-CewEm1o2eVAnoqb6Ml+Qi9Gg/EfNAxbRx1lANGVyoLI=",
        "type": "tarball",
        "url": "https://github.com/NixOS/nixpkgs/archive/e9b51731911566bbf7e4895475a87fe06961de0b.tar.gz"
      },
      "original": {
        "type": "tarball",
        "url": "https://github.com/NixOS/nixpkgs/archive/e9b51731911566bbf7e4895475a87fe06961de0b.tar.gz"
      }
    },
    "nixpkgs-lib_2": {
      "locked": {
        "lastModified": 1735774519,
        "narHash": "sha256-CewEm1o2eVAnoqb6Ml+Qi9Gg/EfNAxbRx1lANGVyoLI=",
        "type": "tarball",
        "url": "https://github.com/NixOS/nixpkgs/archive/e9b51731911566bbf7e4895475a87fe06961de0b.tar.gz"
      },
      "original": {
        "type": "tarball",
        "url": "https://github.com/NixOS/nixpkgs/archive/e9b51731911566bbf7e4895475a87fe06961de0b.tar.gz"
      }
    },
    "nixpkgs_2": {
      "locked": {
        "lastModified": 1735554305,
        "narHash": "sha256-zExSA1i/b+1NMRhGGLtNfFGXgLtgo+dcuzHzaWA6w3Q=",
        "owner": "nixos",
        "repo": "nixpkgs",
        "rev": "0e82ab234249d8eee3e8c91437802b32c74bb3fd",
        "type": "github"
      },
      "original": {
        "owner": "nixos",
        "ref": "nixpkgs-unstable",
        "repo": "nixpkgs",
        "type": "github"
      }
    },
    "root": {
      "inputs": {
        "disko": "disko",
        "flake-parts": "flake-parts",
        "nix-darwin": "nix-darwin",
        "nixpkgs": "nixpkgs",
        "secrets": "secrets",
        "sops-nix": "sops-nix",
        "treefmt-nix": "treefmt-nix_2"
      }
    },
    "secrets": {
      "inputs": {
        "flake-parts": "flake-parts_2",
        "nixpkgs": [
          "nixpkgs"
        ],
        "treefmt-nix": "treefmt-nix"
      },
      "locked": {
        "lastModified": 1737758107,
        "narHash": "sha256-6ZSJV+x/aJgxF5Yo69+dGpUFQqVuUPFPDR1NxUWHzFo=",
        "ref": "main",
        "rev": "b890f14a7def7bc2c0302ac0359fb15a67226fb9",
        "shallow": true,
        "type": "git",
        "url": "ssh://git@github.com/johnjameswhitman/kipos-secrets.git"
      },
      "original": {
        "ref": "main",
        "shallow": true,
        "type": "git",
        "url": "ssh://git@github.com/johnjameswhitman/kipos-secrets.git"
      }
    },
    "sops-nix": {
      "inputs": {
        "nixpkgs": [
          "nixpkgs"
        ]
      },
      "locked": {
        "lastModified": 1737411508,
        "narHash": "sha256-j9IdflJwRtqo9WpM0OfAZml47eBblUHGNQTe62OUqTw=",
        "owner": "Mic92",
        "repo": "sops-nix",
        "rev": "015d461c16678fc02a2f405eb453abb509d4e1d4",
        "type": "github"
      },
      "original": {
        "owner": "Mic92",
        "repo": "sops-nix",
        "type": "github"
      }
    },
    "treefmt-nix": {
      "inputs": {
        "nixpkgs": "nixpkgs_2"
      },
      "locked": {
        "lastModified": 1737483750,
        "narHash": "sha256-5An1wq5U8sNycOBBg3nsDDgpwBmR9liOpDGlhliA6Xo=",
        "owner": "numtide",
        "repo": "treefmt-nix",
        "rev": "f2cc121df15418d028a59c9737d38e3a90fbaf8f",
        "type": "github"
      },
      "original": {
        "owner": "numtide",
        "repo": "treefmt-nix",
        "type": "github"
      }
    },
    "treefmt-nix_2": {
      "inputs": {
        "nixpkgs": [
          "nixpkgs"
        ]
      },
      "locked": {
        "lastModified": 1737483750,
        "narHash": "sha256-5An1wq5U8sNycOBBg3nsDDgpwBmR9liOpDGlhliA6Xo=",
        "owner": "numtide",
        "repo": "treefmt-nix",
        "rev": "f2cc121df15418d028a59c9737d38e3a90fbaf8f",
        "type": "github"
      },
      "original": {
        "owner": "numtide",
        "repo": "treefmt-nix",
        "type": "github"
      }
    }
  },
  "root": "root",
  "version": 7
}
